// !$*UTF8*$!
{
	archiveVersion = 1;
	classes = {
	};
	objectVersion = 55;
	objects = {

/* Begin PBXBuildFile section */
		7EADF5B6283D85F500929BD7 /* RnOnlyApp.swift in Sources */ = {isa = PBXBuildFile; fileRef = 7EADF5B5283D85F500929BD7 /* RnOnlyApp.swift */; };
		7EADF5B8283D85F500929BD7 /* ContentView.swift in Sources */ = {isa = PBXBuildFile; fileRef = 7EADF5B7283D85F500929BD7 /* ContentView.swift */; };
		7EADF5BA283D85F800929BD7 /* Assets.xcassets in Resources */ = {isa = PBXBuildFile; fileRef = 7EADF5B9283D85F800929BD7 /* Assets.xcassets */; };
		7EADF5BD283D85F800929BD7 /* Preview Assets.xcassets in Resources */ = {isa = PBXBuildFile; fileRef = 7EADF5BC283D85F800929BD7 /* Preview Assets.xcassets */; };
		7EADF5BF283D85F800929BD7 /* Persistence.swift in Sources */ = {isa = PBXBuildFile; fileRef = 7EADF5BE283D85F800929BD7 /* Persistence.swift */; };
		7EADF5C2283D85F800929BD7 /* RnOnly.xcdatamodeld in Sources */ = {isa = PBXBuildFile; fileRef = 7EADF5C0283D85F800929BD7 /* RnOnly.xcdatamodeld */; };
		7EADF5CC283D85F800929BD7 /* RnOnlyTests.swift in Sources */ = {isa = PBXBuildFile; fileRef = 7EADF5CB283D85F800929BD7 /* RnOnlyTests.swift */; };
		7EADF5D6283D85F800929BD7 /* RnOnlyUITests.swift in Sources */ = {isa = PBXBuildFile; fileRef = 7EADF5D5283D85F800929BD7 /* RnOnlyUITests.swift */; };
		7EADF5D8283D85F800929BD7 /* RnOnlyUITestsLaunchTests.swift in Sources */ = {isa = PBXBuildFile; fileRef = 7EADF5D7283D85F800929BD7 /* RnOnlyUITestsLaunchTests.swift */; };
/* End PBXBuildFile section */

/* Begin PBXContainerItemProxy section */
		7EADF5C8283D85F800929BD7 /* PBXContainerItemProxy */ = {
			isa = PBXContainerItemProxy;
			containerPortal = 7EADF5AA283D85F500929BD7 /* Project object */;
			proxyType = 1;
			remoteGlobalIDString = 7EADF5B1283D85F500929BD7;
			remoteInfo = RnOnly;
		};
		7EADF5D2283D85F800929BD7 /* PBXContainerItemProxy */ = {
			isa = PBXContainerItemProxy;
			containerPortal = 7EADF5AA283D85F500929BD7 /* Project object */;
			proxyType = 1;
			remoteGlobalIDString = 7EADF5B1283D85F500929BD7;
			remoteInfo = RnOnly;
		};
/* End PBXContainerItemProxy section */

/* Begin PBXFileReference section */
		7EADF5B2283D85F500929BD7 /* RnOnly.app */ = {isa = PBXFileReference; explicitFileType = wrapper.application; includeInIndex = 0; path = RnOnly.app; sourceTree = BUILT_PRODUCTS_DIR; };
		7EADF5B5283D85F500929BD7 /* RnOnlyApp.swift */ = {isa = PBXFileReference; lastKnownFileType = sourcecode.swift; path = RnOnlyApp.swift; sourceTree = "<group>"; };
		7EADF5B7283D85F500929BD7 /* ContentView.swift */ = {isa = PBXFileReference; lastKnownFileType = sourcecode.swift; path = ContentView.swift; sourceTree = "<group>"; };
		7EADF5B9283D85F800929BD7 /* Assets.xcassets */ = {isa = PBXFileReference; lastKnownFileType = folder.assetcatalog; path = Assets.xcassets; sourceTree = "<group>"; };
		7EADF5BC283D85F800929BD7 /* Preview Assets.xcassets */ = {isa = PBXFileReference; lastKnownFileType = folder.assetcatalog; path = "Preview Assets.xcassets"; sourceTree = "<group>"; };
		7EADF5BE283D85F800929BD7 /* Persistence.swift */ = {isa = PBXFileReference; lastKnownFileType = sourcecode.swift; path = Persistence.swift; sourceTree = "<group>"; };
		7EADF5C1283D85F800929BD7 /* RnOnly.xcdatamodel */ = {isa = PBXFileReference; lastKnownFileType = wrapper.xcdatamodel; path = RnOnly.xcdatamodel; sourceTree = "<group>"; };
		7EADF5C7283D85F800929BD7 /* RnOnlyTests.xctest */ = {isa = PBXFileReference; explicitFileType = wrapper.cfbundle; includeInIndex = 0; path = RnOnlyTests.xctest; sourceTree = BUILT_PRODUCTS_DIR; };
		7EADF5CB283D85F800929BD7 /* RnOnlyTests.swift */ = {isa = PBXFileReference; lastKnownFileType = sourcecode.swift; path = RnOnlyTests.swift; sourceTree = "<group>"; };
		7EADF5D1283D85F800929BD7 /* RnOnlyUITests.xctest */ = {isa = PBXFileReference; explicitFileType = wrapper.cfbundle; includeInIndex = 0; path = RnOnlyUITests.xctest; sourceTree = BUILT_PRODUCTS_DIR; };
		7EADF5D5283D85F800929BD7 /* RnOnlyUITests.swift */ = {isa = PBXFileReference; lastKnownFileType = sourcecode.swift; path = RnOnlyUITests.swift; sourceTree = "<group>"; };
		7EADF5D7283D85F800929BD7 /* RnOnlyUITestsLaunchTests.swift */ = {isa = PBXFileReference; lastKnownFileType = sourcecode.swift; path = RnOnlyUITestsLaunchTests.swift; sourceTree = "<group>"; };
/* End PBXFileReference section */

/* Begin PBXFrameworksBuildPhase section */
		7EADF5AF283D85F500929BD7 /* Frameworks */ = {
			isa = PBXFrameworksBuildPhase;
			buildActionMask = 2147483647;
			files = (
			);
			runOnlyForDeploymentPostprocessing = 0;
		};
		7EADF5C4283D85F800929BD7 /* Frameworks */ = {
			isa = PBXFrameworksBuildPhase;
			buildActionMask = 2147483647;
			files = (
			);
			runOnlyForDeploymentPostprocessing = 0;
		};
		7EADF5CE283D85F800929BD7 /* Frameworks */ = {
			isa = PBXFrameworksBuildPhase;
			buildActionMask = 2147483647;
			files = (
			);
			runOnlyForDeploymentPostprocessing = 0;
		};
/* End PBXFrameworksBuildPhase section */

/* Begin PBXGroup section */
		7EADF5A9283D85F500929BD7 = {
			isa = PBXGroup;
			children = (
				7EADF5B4283D85F500929BD7 /* RnOnly */,
				7EADF5CA283D85F800929BD7 /* RnOnlyTests */,
				7EADF5D4283D85F800929BD7 /* RnOnlyUITests */,
				7EADF5B3283D85F500929BD7 /* Products */,
			);
			sourceTree = "<group>";
		};
		7EADF5B3283D85F500929BD7 /* Products */ = {
			isa = PBXGroup;
			children = (
				7EADF5B2283D85F500929BD7 /* RnOnly.app */,
				7EADF5C7283D85F800929BD7 /* RnOnlyTests.xctest */,
				7EADF5D1283D85F800929BD7 /* RnOnlyUITests.xctest */,
			);
			name = Products;
			sourceTree = "<group>";
		};
		7EADF5B4283D85F500929BD7 /* RnOnly */ = {
			isa = PBXGroup;
			children = (
				7EADF5B5283D85F500929BD7 /* RnOnlyApp.swift */,
				7EADF5B7283D85F500929BD7 /* ContentView.swift */,
				7EADF5B9283D85F800929BD7 /* Assets.xcassets */,
				7EADF5BE283D85F800929BD7 /* Persistence.swift */,
				7EADF5C0283D85F800929BD7 /* RnOnly.xcdatamodeld */,
				7EADF5BB283D85F800929BD7 /* Preview Content */,
			);
			path = RnOnly;
			sourceTree = "<group>";
		};
		7EADF5BB283D85F800929BD7 /* Preview Content */ = {
			isa = PBXGroup;
			children = (
				7EADF5BC283D85F800929BD7 /* Preview Assets.xcassets */,
			);
			path = "Preview Content";
			sourceTree = "<group>";
		};
		7EADF5CA283D85F800929BD7 /* RnOnlyTests */ = {
			isa = PBXGroup;
			children = (
				7EADF5CB283D85F800929BD7 /* RnOnlyTests.swift */,
			);
			path = RnOnlyTests;
			sourceTree = "<group>";
		};
		7EADF5D4283D85F800929BD7 /* RnOnlyUITests */ = {
			isa = PBXGroup;
			children = (
				7EADF5D5283D85F800929BD7 /* RnOnlyUITests.swift */,
				7EADF5D7283D85F800929BD7 /* RnOnlyUITestsLaunchTests.swift */,
			);
			path = RnOnlyUITests;
			sourceTree = "<group>";
		};
/* End PBXGroup section */

/* Begin PBXNativeTarget section */
		7EADF5B1283D85F500929BD7 /* RnOnly */ = {
			isa = PBXNativeTarget;
			buildConfigurationList = 7EADF5DB283D85F800929BD7 /* Build configuration list for PBXNativeTarget "RnOnly" */;
			buildPhases = (
				7EADF5AE283D85F500929BD7 /* Sources */,
				7EADF5AF283D85F500929BD7 /* Frameworks */,
				7EADF5B0283D85F500929BD7 /* Resources */,
			);
			buildRules = (
			);
			dependencies = (
			);
			name = RnOnly;
			productName = RnOnly;
			productReference = 7EADF5B2283D85F500929BD7 /* RnOnly.app */;
			productType = "com.apple.product-type.application";
		};
		7EADF5C6283D85F800929BD7 /* RnOnlyTests */ = {
			isa = PBXNativeTarget;
			buildConfigurationList = 7EADF5DE283D85F800929BD7 /* Build configuration list for PBXNativeTarget "RnOnlyTests" */;
			buildPhases = (
				7EADF5C3283D85F800929BD7 /* Sources */,
				7EADF5C4283D85F800929BD7 /* Frameworks */,
				7EADF5C5283D85F800929BD7 /* Resources */,
			);
			buildRules = (
			);
			dependencies = (
				7EADF5C9283D85F800929BD7 /* PBXTargetDependency */,
			);
			name = RnOnlyTests;
			productName = RnOnlyTests;
			productReference = 7EADF5C7283D85F800929BD7 /* RnOnlyTests.xctest */;
			productType = "com.apple.product-type.bundle.unit-test";
		};
		7EADF5D0283D85F800929BD7 /* RnOnlyUITests */ = {
			isa = PBXNativeTarget;
			buildConfigurationList = 7EADF5E1283D85F800929BD7 /* Build configuration list for PBXNativeTarget "RnOnlyUITests" */;
			buildPhases = (
				7EADF5CD283D85F800929BD7 /* Sources */,
				7EADF5CE283D85F800929BD7 /* Frameworks */,
				7EADF5CF283D85F800929BD7 /* Resources */,
			);
			buildRules = (
			);
			dependencies = (
				7EADF5D3283D85F800929BD7 /* PBXTargetDependency */,
			);
			name = RnOnlyUITests;
			productName = RnOnlyUITests;
			productReference = 7EADF5D1283D85F800929BD7 /* RnOnlyUITests.xctest */;
			productType = "com.apple.product-type.bundle.ui-testing";
		};
/* End PBXNativeTarget section */

/* Begin PBXProject section */
		7EADF5AA283D85F500929BD7 /* Project object */ = {
			isa = PBXProject;
			attributes = {
				BuildIndependentTargetsInParallel = 1;
				LastSwiftUpdateCheck = 1340;
				LastUpgradeCheck = 1340;
				TargetAttributes = {
					7EADF5B1283D85F500929BD7 = {
						CreatedOnToolsVersion = 13.4;
					};
					7EADF5C6283D85F800929BD7 = {
						CreatedOnToolsVersion = 13.4;
						TestTargetID = 7EADF5B1283D85F500929BD7;
					};
					7EADF5D0283D85F800929BD7 = {
						CreatedOnToolsVersion = 13.4;
						TestTargetID = 7EADF5B1283D85F500929BD7;
					};
				};
			};
			buildConfigurationList = 7EADF5AD283D85F500929BD7 /* Build configuration list for PBXProject "RnOnly" */;
			compatibilityVersion = "Xcode 13.0";
			developmentRegion = en;
			hasScannedForEncodings = 0;
			knownRegions = (
				en,
				Base,
			);
			mainGroup = 7EADF5A9283D85F500929BD7;
			productRefGroup = 7EADF5B3283D85F500929BD7 /* Products */;
			projectDirPath = "";
			projectRoot = "";
			targets = (
				7EADF5B1283D85F500929BD7 /* RnOnly */,
				7EADF5C6283D85F800929BD7 /* RnOnlyTests */,
				7EADF5D0283D85F800929BD7 /* RnOnlyUITests */,
			);
		};
/* End PBXProject section */

/* Begin PBXResourcesBuildPhase section */
		7EADF5B0283D85F500929BD7 /* Resources */ = {
			isa = PBXResourcesBuildPhase;
			buildActionMask = 2147483647;
			files = (
				7EADF5BD283D85F800929BD7 /* Preview Assets.xcassets in Resources */,
				7EADF5BA283D85F800929BD7 /* Assets.xcassets in Resources */,
			);
			runOnlyForDeploymentPostprocessing = 0;
		};
		7EADF5C5283D85F800929BD7 /* Resources */ = {
			isa = PBXResourcesBuildPhase;
			buildActionMask = 2147483647;
			files = (
			);
			runOnlyForDeploymentPostprocessing = 0;
		};
		7EADF5CF283D85F800929BD7 /* Resources */ = {
			isa = PBXResourcesBuildPhase;
			buildActionMask = 2147483647;
			files = (
			);
			runOnlyForDeploymentPostprocessing = 0;
		};
/* End PBXResourcesBuildPhase section */

/* Begin PBXSourcesBuildPhase section */
		7EADF5AE283D85F500929BD7 /* Sources */ = {
			isa = PBXSourcesBuildPhase;
			buildActionMask = 2147483647;
			files = (
				7EADF5BF283D85F800929BD7 /* Persistence.swift in Sources */,
				7EADF5C2283D85F800929BD7 /* RnOnly.xcdatamodeld in Sources */,
				7EADF5B8283D85F500929BD7 /* ContentView.swift in Sources */,
				7EADF5B6283D85F500929BD7 /* RnOnlyApp.swift in Sources */,
			);
			runOnlyForDeploymentPostprocessing = 0;
		};
		7EADF5C3283D85F800929BD7 /* Sources */ = {
			isa = PBXSourcesBuildPhase;
			buildActionMask = 2147483647;
			files = (
				7EADF5CC283D85F800929BD7 /* RnOnlyTests.swift in Sources */,
			);
			runOnlyForDeploymentPostprocessing = 0;
		};
		7EADF5CD283D85F800929BD7 /* Sources */ = {
			isa = PBXSourcesBuildPhase;
			buildActionMask = 2147483647;
			files = (
				7EADF5D8283D85F800929BD7 /* RnOnlyUITestsLaunchTests.swift in Sources */,
				7EADF5D6283D85F800929BD7 /* RnOnlyUITests.swift in Sources */,
			);
			runOnlyForDeploymentPostprocessing = 0;
		};
/* End PBXSourcesBuildPhase section */

/* Begin PBXTargetDependency section */
		7EADF5C9283D85F800929BD7 /* PBXTargetDependency */ = {
			isa = PBXTargetDependency;
			target = 7EADF5B1283D85F500929BD7 /* RnOnly */;
			targetProxy = 7EADF5C8283D85F800929BD7 /* PBXContainerItemProxy */;
		};
		7EADF5D3283D85F800929BD7 /* PBXTargetDependency */ = {
			isa = PBXTargetDependency;
			target = 7EADF5B1283D85F500929BD7 /* RnOnly */;
			targetProxy = 7EADF5D2283D85F800929BD7 /* PBXContainerItemProxy */;
		};
/* End PBXTargetDependency section */

/* Begin XCBuildConfiguration section */
		7EADF5D9283D85F800929BD7 /* Debug */ = {
			isa = XCBuildConfiguration;
			buildSettings = {
				ALWAYS_SEARCH_USER_PATHS = NO;
				CLANG_ANALYZER_NONNULL = YES;
				CLANG_ANALYZER_NUMBER_OBJECT_CONVERSION = YES_AGGRESSIVE;
				CLANG_CXX_LANGUAGE_STANDARD = "gnu++17";
				CLANG_ENABLE_MODULES = YES;
				CLANG_ENABLE_OBJC_ARC = YES;
				CLANG_ENABLE_OBJC_WEAK = YES;
				CLANG_WARN_BLOCK_CAPTURE_AUTORELEASING = YES;
				CLANG_WARN_BOOL_CONVERSION = YES;
				CLANG_WARN_COMMA = YES;
				CLANG_WARN_CONSTANT_CONVERSION = YES;
				CLANG_WARN_DEPRECATED_OBJC_IMPLEMENTATIONS = YES;
				CLANG_WARN_DIRECT_OBJC_ISA_USAGE = YES_ERROR;
				CLANG_WARN_DOCUMENTATION_COMMENTS = YES;
				CLANG_WARN_EMPTY_BODY = YES;
				CLANG_WARN_ENUM_CONVERSION = YES;
				CLANG_WARN_INFINITE_RECURSION = YES;
				CLANG_WARN_INT_CONVERSION = YES;
				CLANG_WARN_NON_LITERAL_NULL_CONVERSION = YES;
				CLANG_WARN_OBJC_IMPLICIT_RETAIN_SELF = YES;
				CLANG_WARN_OBJC_LITERAL_CONVERSION = YES;
				CLANG_WARN_OBJC_ROOT_CLASS = YES_ERROR;
				CLANG_WARN_QUOTED_INCLUDE_IN_FRAMEWORK_HEADER = YES;
				CLANG_WARN_RANGE_LOOP_ANALYSIS = YES;
				CLANG_WARN_STRICT_PROTOTYPES = YES;
				CLANG_WARN_SUSPICIOUS_MOVE = YES;
				CLANG_WARN_UNGUARDED_AVAILABILITY = YES_AGGRESSIVE;
				CLANG_WARN_UNREACHABLE_CODE = YES;
				CLANG_WARN__DUPLICATE_METHOD_MATCH = YES;
				COPY_PHASE_STRIP = NO;
				DEBUG_INFORMATION_FORMAT = dwarf;
				ENABLE_STRICT_OBJC_MSGSEND = YES;
				ENABLE_TESTABILITY = YES;
				GCC_C_LANGUAGE_STANDARD = gnu11;
				GCC_DYNAMIC_NO_PIC = NO;
				GCC_NO_COMMON_BLOCKS = YES;
				GCC_OPTIMIZATION_LEVEL = 0;
				GCC_PREPROCESSOR_DEFINITIONS = (
					"DEBUG=1",
					"$(inherited)",
				);
				GCC_WARN_64_TO_32_BIT_CONVERSION = YES;
				GCC_WARN_ABOUT_RETURN_TYPE = YES_ERROR;
				GCC_WARN_UNDECLARED_SELECTOR = YES;
				GCC_WARN_UNINITIALIZED_AUTOS = YES_AGGRESSIVE;
				GCC_WARN_UNUSED_FUNCTION = YES;
				GCC_WARN_UNUSED_VARIABLE = YES;
				IPHONEOS_DEPLOYMENT_TARGET = 15.5;
				MTL_ENABLE_DEBUG_INFO = INCLUDE_SOURCE;
				MTL_FAST_MATH = YES;
				ONLY_ACTIVE_ARCH = YES;
				SDKROOT = iphoneos;
				SWIFT_ACTIVE_COMPILATION_CONDITIONS = DEBUG;
				SWIFT_OPTIMIZATION_LEVEL = "-Onone";
			};
			name = Debug;
		};
		7EADF5DA283D85F800929BD7 /* Release */ = {
			isa = XCBuildConfiguration;
			buildSettings = {
				ALWAYS_SEARCH_USER_PATHS = NO;
				CLANG_ANALYZER_NONNULL = YES;
				CLANG_ANALYZER_NUMBER_OBJECT_CONVERSION = YES_AGGRESSIVE;
				CLANG_CXX_LANGUAGE_STANDARD = "gnu++17";
				CLANG_ENABLE_MODULES = YES;
				CLANG_ENABLE_OBJC_ARC = YES;
				CLANG_ENABLE_OBJC_WEAK = YES;
				CLANG_WARN_BLOCK_CAPTURE_AUTORELEASING = YES;
				CLANG_WARN_BOOL_CONVERSION = YES;
				CLANG_WARN_COMMA = YES;
				CLANG_WARN_CONSTANT_CONVERSION = YES;
				CLANG_WARN_DEPRECATED_OBJC_IMPLEMENTATIONS = YES;
				CLANG_WARN_DIRECT_OBJC_ISA_USAGE = YES_ERROR;
				CLANG_WARN_DOCUMENTATION_COMMENTS = YES;
				CLANG_WARN_EMPTY_BODY = YES;
				CLANG_WARN_ENUM_CONVERSION = YES;
				CLANG_WARN_INFINITE_RECURSION = YES;
				CLANG_WARN_INT_CONVERSION = YES;
				CLANG_WARN_NON_LITERAL_NULL_CONVERSION = YES;
				CLANG_WARN_OBJC_IMPLICIT_RETAIN_SELF = YES;
				CLANG_WARN_OBJC_LITERAL_CONVERSION = YES;
				CLANG_WARN_OBJC_ROOT_CLASS = YES_ERROR;
				CLANG_WARN_QUOTED_INCLUDE_IN_FRAMEWORK_HEADER = YES;
				CLANG_WARN_RANGE_LOOP_ANALYSIS = YES;
				CLANG_WARN_STRICT_PROTOTYPES = YES;
				CLANG_WARN_SUSPICIOUS_MOVE = YES;
				CLANG_WARN_UNGUARDED_AVAILABILITY = YES_AGGRESSIVE;
				CLANG_WARN_UNREACHABLE_CODE = YES;
				CLANG_WARN__DUPLICATE_METHOD_MATCH = YES;
				COPY_PHASE_STRIP = NO;
				DEBUG_INFORMATION_FORMAT = "dwarf-with-dsym";
				ENABLE_NS_ASSERTIONS = NO;
				ENABLE_STRICT_OBJC_MSGSEND = YES;
				GCC_C_LANGUAGE_STANDARD = gnu11;
				GCC_NO_COMMON_BLOCKS = YES;
				GCC_WARN_64_TO_32_BIT_CONVERSION = YES;
				GCC_WARN_ABOUT_RETURN_TYPE = YES_ERROR;
				GCC_WARN_UNDECLARED_SELECTOR = YES;
				GCC_WARN_UNINITIALIZED_AUTOS = YES_AGGRESSIVE;
				GCC_WARN_UNUSED_FUNCTION = YES;
				GCC_WARN_UNUSED_VARIABLE = YES;
				IPHONEOS_DEPLOYMENT_TARGET = 15.5;
				MTL_ENABLE_DEBUG_INFO = NO;
				MTL_FAST_MATH = YES;
				SDKROOT = iphoneos;
				SWIFT_COMPILATION_MODE = wholemodule;
				SWIFT_OPTIMIZATION_LEVEL = "-O";
				VALIDATE_PRODUCT = YES;
			};
			name = Release;
		};
		7EADF5DC283D85F800929BD7 /* Debug */ = {
			isa = XCBuildConfiguration;
			buildSettings = {
				ASSETCATALOG_COMPILER_APPICON_NAME = AppIcon;
				ASSETCATALOG_COMPILER_GLOBAL_ACCENT_COLOR_NAME = AccentColor;
				CODE_SIGN_STYLE = Automatic;
				CURRENT_PROJECT_VERSION = 1;
				DEVELOPMENT_ASSET_PATHS = "\"RnOnly/Preview Content\"";
				DEVELOPMENT_TEAM = 2C9HSUUXRQ;
				ENABLE_PREVIEWS = YES;
				GENERATE_INFOPLIST_FILE = YES;
				INFOPLIST_KEY_UIApplicationSceneManifest_Generation = YES;
				INFOPLIST_KEY_UIApplicationSupportsIndirectInputEvents = YES;
				INFOPLIST_KEY_UILaunchScreen_Generation = YES;
				INFOPLIST_KEY_UISupportedInterfaceOrientations_iPad = "UIInterfaceOrientationPortrait UIInterfaceOrientationPortraitUpsideDown UIInterfaceOrientationLandscapeLeft UIInterfaceOrientationLandscapeRight";
				INFOPLIST_KEY_UISupportedInterfaceOrientations_iPhone = "UIInterfaceOrientationPortrait UIInterfaceOrientationLandscapeLeft UIInterfaceOrientationLandscapeRight";
				LD_RUNPATH_SEARCH_PATHS = (
					"$(inherited)",
					"@executable_path/Frameworks",
				);
				MARKETING_VERSION = 1.0;
				PRODUCT_BUNDLE_IDENTIFIER = com.elnina.RnOnly;
				PRODUCT_NAME = "$(TARGET_NAME)";
				SWIFT_EMIT_LOC_STRINGS = YES;
				SWIFT_VERSION = 5.0;
				TARGETED_DEVICE_FAMILY = "1,2";
			};
			name = Debug;
		};
		7EADF5DD283D85F800929BD7 /* Release */ = {
			isa = XCBuildConfiguration;
			buildSettings = {
				ASSETCATALOG_COMPILER_APPICON_NAME = AppIcon;
				ASSETCATALOG_COMPILER_GLOBAL_ACCENT_COLOR_NAME = AccentColor;
				CODE_SIGN_STYLE = Automatic;
				CURRENT_PROJECT_VERSION = 1;
				DEVELOPMENT_ASSET_PATHS = "\"RnOnly/Preview Content\"";
				DEVELOPMENT_TEAM = 2C9HSUUXRQ;
				ENABLE_PREVIEWS = YES;
				GENERATE_INFOPLIST_FILE = YES;
				INFOPLIST_KEY_UIApplicationSceneManifest_Generation = YES;
				INFOPLIST_KEY_UIApplicationSupportsIndirectInputEvents = YES;
				INFOPLIST_KEY_UILaunchScreen_Generation = YES;
				INFOPLIST_KEY_UISupportedInterfaceOrientations_iPad = "UIInterfaceOrientationPortrait UIInterfaceOrientationPortraitUpsideDown UIInterfaceOrientationLandscapeLeft UIInterfaceOrientationLandscapeRight";
				INFOPLIST_KEY_UISupportedInterfaceOrientations_iPhone = "UIInterfaceOrientationPortrait UIInterfaceOrientationLandscapeLeft UIInterfaceOrientationLandscapeRight";
				LD_RUNPATH_SEARCH_PATHS = (
					"$(inherited)",
					"@executable_path/Frameworks",
				);
				MARKETING_VERSION = 1.0;
				PRODUCT_BUNDLE_IDENTIFIER = com.elnina.RnOnly;
				PRODUCT_NAME = "$(TARGET_NAME)";
				SWIFT_EMIT_LOC_STRINGS = YES;
				SWIFT_VERSION = 5.0;
				TARGETED_DEVICE_FAMILY = "1,2";
			};
			name = Release;
		};
		7EADF5DF283D85F800929BD7 /* Debug */ = {
			isa = XCBuildConfiguration;
			buildSettings = {
				ALWAYS_EMBED_SWIFT_STANDARD_LIBRARIES = YES;
				BUNDLE_LOADER = "$(TEST_HOST)";
				CODE_SIGN_STYLE = Automatic;
				CURRENT_PROJECT_VERSION = 1;
				DEVELOPMENT_TEAM = 2C9HSUUXRQ;
				GENERATE_INFOPLIST_FILE = YES;
				IPHONEOS_DEPLOYMENT_TARGET = 15.5;
				MARKETING_VERSION = 1.0;
				PRODUCT_BUNDLE_IDENTIFIER = com.elnina.RnOnlyTests;
				PRODUCT_NAME = "$(TARGET_NAME)";
				SWIFT_EMIT_LOC_STRINGS = NO;
				SWIFT_VERSION = 5.0;
				TARGETED_DEVICE_FAMILY = "1,2";
				TEST_HOST = "$(BUILT_PRODUCTS_DIR)/RnOnly.app/RnOnly";
			};
			name = Debug;
		};
		7EADF5E0283D85F800929BD7 /* Release */ = {
			isa = XCBuildConfiguration;
			buildSettings = {
				ALWAYS_EMBED_SWIFT_STANDARD_LIBRARIES = YES;
				BUNDLE_LOADER = "$(TEST_HOST)";
				CODE_SIGN_STYLE = Automatic;
				CURRENT_PROJECT_VERSION = 1;
				DEVELOPMENT_TEAM = 2C9HSUUXRQ;
				GENERATE_INFOPLIST_FILE = YES;
				IPHONEOS_DEPLOYMENT_TARGET = 15.5;
				MARKETING_VERSION = 1.0;
				PRODUCT_BUNDLE_IDENTIFIER = com.elnina.RnOnlyTests;
				PRODUCT_NAME = "$(TARGET_NAME)";
				SWIFT_EMIT_LOC_STRINGS = NO;
				SWIFT_VERSION = 5.0;
				TARGETED_DEVICE_FAMILY = "1,2";
				TEST_HOST = "$(BUILT_PRODUCTS_DIR)/RnOnly.app/RnOnly";
			};
			name = Release;
		};
		7EADF5E2283D85F800929BD7 /* Debug */ = {
			isa = XCBuildConfiguration;
			buildSettings = {
				ALWAYS_EMBED_SWIFT_STANDARD_LIBRARIES = YES;
				CODE_SIGN_STYLE = Automatic;
				CURRENT_PROJECT_VERSION = 1;
				DEVELOPMENT_TEAM = 2C9HSUUXRQ;
				GENERATE_INFOPLIST_FILE = YES;
				MARKETING_VERSION = 1.0;
				PRODUCT_BUNDLE_IDENTIFIER = com.elnina.RnOnlyUITests;
				PRODUCT_NAME = "$(TARGET_NAME)";
				SWIFT_EMIT_LOC_STRINGS = NO;
				SWIFT_VERSION = 5.0;
				TARGETED_DEVICE_FAMILY = "1,2";
				TEST_TARGET_NAME = RnOnly;
			};
			name = Debug;
		};
		7EADF5E3283D85F800929BD7 /* Release */ = {
			isa = XCBuildConfiguration;
			buildSettings = {
				ALWAYS_EMBED_SWIFT_STANDARD_LIBRARIES = YES;
				CODE_SIGN_STYLE = Automatic;
				CURRENT_PROJECT_VERSION = 1;
				DEVELOPMENT_TEAM = 2C9HSUUXRQ;
				GENERATE_INFOPLIST_FILE = YES;
				MARKETING_VERSION = 1.0;
				PRODUCT_BUNDLE_IDENTIFIER = com.elnina.RnOnlyUITests;
				PRODUCT_NAME = "$(TARGET_NAME)";
				SWIFT_EMIT_LOC_STRINGS = NO;
				SWIFT_VERSION = 5.0;
				TARGETED_DEVICE_FAMILY = "1,2";
				TEST_TARGET_NAME = RnOnly;
			};
			name = Release;
		};
/* End XCBuildConfiguration section */

/* Begin XCConfigurationList section */
		7EADF5AD283D85F500929BD7 /* Build configuration list for PBXProject "RnOnly" */ = {
			isa = XCConfigurationList;
			buildConfigurations = (
				7EADF5D9283D85F800929BD7 /* Debug */,
				7EADF5DA283D85F800929BD7 /* Release */,
			);
			defaultConfigurationIsVisible = 0;
			defaultConfigurationName = Release;
		};
		7EADF5DB283D85F800929BD7 /* Build configuration list for PBXNativeTarget "RnOnly" */ = {
			isa = XCConfigurationList;
			buildConfigurations = (
				7EADF5DC283D85F800929BD7 /* Debug */,
				7EADF5DD283D85F800929BD7 /* Release */,
			);
			defaultConfigurationIsVisible = 0;
			defaultConfigurationName = Release;
		};
		7EADF5DE283D85F800929BD7 /* Build configuration list for PBXNativeTarget "RnOnlyTests" */ = {
			isa = XCConfigurationList;
			buildConfigurations = (
				7EADF5DF283D85F800929BD7 /* Debug */,
				7EADF5E0283D85F800929BD7 /* Release */,
			);
			defaultConfigurationIsVisible = 0;
			defaultConfigurationName = Release;
		};
		7EADF5E1283D85F800929BD7 /* Build configuration list for PBXNativeTarget "RnOnlyUITests" */ = {
			isa = XCConfigurationList;
			buildConfigurations = (
				7EADF5E2283D85F800929BD7 /* Debug */,
				7EADF5E3283D85F800929BD7 /* Release */,
			);
			defaultConfigurationIsVisible = 0;
			defaultConfigurationName = Release;
		};
/* End XCConfigurationList section */

/* Begin XCVersionGroup section */
		7EADF5C0283D85F800929BD7 /* RnOnly.xcdatamodeld */ = {
			isa = XCVersionGroup;
			children = (
				7EADF5C1283D85F800929BD7 /* RnOnly.xcdatamodel */,
			);
			currentVersion = 7EADF5C1283D85F800929BD7 /* RnOnly.xcdatamodel */;
			path = RnOnly.xcdatamodeld;
			sourceTree = "<group>";
			versionGroupType = wrapper.xcdatamodel;
		};
/* End XCVersionGroup section */
	};
	rootObject = 7EADF5AA283D85F500929BD7 /* Project object */;
}
